
Microsoft Visual Studio Solution File, Format Version 12.00
# Visual Studio Version 17
VisualStudioVersion = 17.13.35825.156 d17.13
MinimumVisualStudioVersion = 10.0.40219.1
Project("{FAE04EC0-301F-11D3-BF4B-00C04F79EFBC}") = "CollectorShop.Domain", "CollectorShop.Domain\CollectorShop.Domain.csproj", "{D1E2F3A4-B5C6-7890-1234-567890ABCDEF}"
EndProject
Project("{FAE04EC0-301F-11D3-BF4B-00C04F79EFBC}") = "CollectorShop.Infrastructure", "CollectorShop.Infrastructure\CollectorShop.Infrastructure.csproj", "{E2F3A4B5-C6D7-8901-2345-67890ABCDEF1}"
EndProject
Project("{FAE04EC0-301F-11D3-BF4B-00C04F79EFBC}") = "CollectorShop.API", "CollectorShop.API\CollectorShop.API.csproj", "{F3A4B5C6-D7E8-9012-3456-7890ABCDEF12}"
EndProject
Global
	GlobalSection(SolutionConfigurationPlatforms) = preSolution
		Debug|Any CPU = Debug|Any CPU
		Release|Any CPU = Release|Any CPU
	EndGlobalSection
	GlobalSection(ProjectConfigurationPlatforms) = postSolution
		{D1E2F3A4-B5C6-7890-1234-567890ABCDEF}.Debug|Any CPU.ActiveCfg = Debug|Any CPU
		{D1E2F3A4-B5C6-7890-1234-567890ABCDEF}.Debug|Any CPU.Build.0 = Debug|Any CPU
		{D1E2F3A4-B5C6-7890-1234-567890ABCDEF}.Release|Any CPU.ActiveCfg = Release|Any CPU
		{D1E2F3A4-B5C6-7890-1234-567890ABCDEF}.Release|Any CPU.Build.0 = Release|Any CPU
		{E2F3A4B5-C6D7-8901-2345-67890ABCDEF1}.Debug|Any CPU.ActiveCfg = Debug|Any CPU
		{E2F3A4B5-C6D7-8901-2345-67890ABCDEF1}.Debug|Any CPU.Build.0 = Debug|Any CPU
		{E2F3A4B5-C6D7-8901-2345-67890ABCDEF1}.Release|Any CPU.ActiveCfg = Release|Any CPU
		{E2F3A4B5-C6D7-8901-2345-67890ABCDEF1}.Release|Any CPU.Build.0 = Release|Any CPU
		{F3A4B5C6-D7E8-9012-3456-7890ABCDEF12}.Debug|Any CPU.ActiveCfg = Debug|Any CPU
		{F3A4B5C6-D7E8-9012-3456-7890ABCDEF12}.Debug|Any CPU.Build.0 = Debug|Any CPU
		{F3A4B5C6-D7E8-9012-3456-7890ABCDEF12}.Release|Any CPU.ActiveCfg = Release|Any CPU
		{F3A4B5C6-D7E8-9012-3456-7890ABCDEF12}.Release|Any CPU.Build.0 = Release|Any CPU
	EndGlobalSection
	GlobalSection(SolutionProperties) = preSolution
		HideSolutionNode = FALSE
	EndGlobalSection
	GlobalSection(ExtensibilityGlobals) = postSolution
		SolutionGuid = {72A7E13B-662D-4763-A496-0211F7006515}
	EndGlobalSection
EndGlobal
